
Microsoft Visual Studio Solution File, Format Version 12.00
# Visual Studio 15
VisualStudioVersion = 15.0.26124.0
MinimumVisualStudioVersion = 15.0.26124.0
Project("{FAE04EC0-301F-11D3-BF4B-00C04F79EFBC}") = "NotC", "NotC\NotC.csproj", "{35100F1D-1746-4DE7-A9FC-0C852A6849D5}"
EndProject
Project("{FAE04EC0-301F-11D3-BF4B-00C04F79EFBC}") = "NotC.Tests", "NotC.Tests\NotC.Tests.csproj", "{C77A9503-E32B-47D3-95A9-97EA68867C9B}"
EndProject
Project("{FAE04EC0-301F-11D3-BF4B-00C04F79EFBC}") = "Repl", "Repl\Repl.csproj", "{77A11405-F189-488C-B4E8-EE8C1217C0F6}"
EndProject
Project("{FAE04EC0-301F-11D3-BF4B-00C04F79EFBC}") = "NotC.LanguageServer", "NotC.LanguageServer\NotC.LanguageServer.csproj", "{75F9E2FB-959B-4A15-8B22-9DC2E5FBE2C8}"
EndProject
Global
	GlobalSection(SolutionConfigurationPlatforms) = preSolution
		Debug|Any CPU = Debug|Any CPU
		Debug|x64 = Debug|x64
		Debug|x86 = Debug|x86
		Release|Any CPU = Release|Any CPU
		Release|x64 = Release|x64
		Release|x86 = Release|x86
	EndGlobalSection
	GlobalSection(SolutionProperties) = preSolution
		HideSolutionNode = FALSE
	EndGlobalSection
	GlobalSection(ProjectConfigurationPlatforms) = postSolution
		{35100F1D-1746-4DE7-A9FC-0C852A6849D5}.Debug|Any CPU.ActiveCfg = Debug|Any CPU
		{35100F1D-1746-4DE7-A9FC-0C852A6849D5}.Debug|Any CPU.Build.0 = Debug|Any CPU
		{35100F1D-1746-4DE7-A9FC-0C852A6849D5}.Debug|x64.ActiveCfg = Debug|Any CPU
		{35100F1D-1746-4DE7-A9FC-0C852A6849D5}.Debug|x64.Build.0 = Debug|Any CPU
		{35100F1D-1746-4DE7-A9FC-0C852A6849D5}.Debug|x86.ActiveCfg = Debug|Any CPU
		{35100F1D-1746-4DE7-A9FC-0C852A6849D5}.Debug|x86.Build.0 = Debug|Any CPU
		{35100F1D-1746-4DE7-A9FC-0C852A6849D5}.Release|Any CPU.ActiveCfg = Release|Any CPU
		{35100F1D-1746-4DE7-A9FC-0C852A6849D5}.Release|Any CPU.Build.0 = Release|Any CPU
		{35100F1D-1746-4DE7-A9FC-0C852A6849D5}.Release|x64.ActiveCfg = Release|Any CPU
		{35100F1D-1746-4DE7-A9FC-0C852A6849D5}.Release|x64.Build.0 = Release|Any CPU
		{35100F1D-1746-4DE7-A9FC-0C852A6849D5}.Release|x86.ActiveCfg = Release|Any CPU
		{35100F1D-1746-4DE7-A9FC-0C852A6849D5}.Release|x86.Build.0 = Release|Any CPU
		{C77A9503-E32B-47D3-95A9-97EA68867C9B}.Debug|Any CPU.ActiveCfg = Debug|Any CPU
		{C77A9503-E32B-47D3-95A9-97EA68867C9B}.Debug|Any CPU.Build.0 = Debug|Any CPU
		{C77A9503-E32B-47D3-95A9-97EA68867C9B}.Debug|x64.ActiveCfg = Debug|Any CPU
		{C77A9503-E32B-47D3-95A9-97EA68867C9B}.Debug|x64.Build.0 = Debug|Any CPU
		{C77A9503-E32B-47D3-95A9-97EA68867C9B}.Debug|x86.ActiveCfg = Debug|Any CPU
		{C77A9503-E32B-47D3-95A9-97EA68867C9B}.Debug|x86.Build.0 = Debug|Any CPU
		{C77A9503-E32B-47D3-95A9-97EA68867C9B}.Release|Any CPU.ActiveCfg = Release|Any CPU
		{C77A9503-E32B-47D3-95A9-97EA68867C9B}.Release|Any CPU.Build.0 = Release|Any CPU
		{C77A9503-E32B-47D3-95A9-97EA68867C9B}.Release|x64.ActiveCfg = Release|Any CPU
		{C77A9503-E32B-47D3-95A9-97EA68867C9B}.Release|x64.Build.0 = Release|Any CPU
		{C77A9503-E32B-47D3-95A9-97EA68867C9B}.Release|x86.ActiveCfg = Release|Any CPU
		{C77A9503-E32B-47D3-95A9-97EA68867C9B}.Release|x86.Build.0 = Release|Any CPU
		{77A11405-F189-488C-B4E8-EE8C1217C0F6}.Debug|Any CPU.ActiveCfg = Debug|Any CPU
		{77A11405-F189-488C-B4E8-EE8C1217C0F6}.Debug|Any CPU.Build.0 = Debug|Any CPU
		{77A11405-F189-488C-B4E8-EE8C1217C0F6}.Debug|x64.ActiveCfg = Debug|Any CPU
		{77A11405-F189-488C-B4E8-EE8C1217C0F6}.Debug|x64.Build.0 = Debug|Any CPU
		{77A11405-F189-488C-B4E8-EE8C1217C0F6}.Debug|x86.ActiveCfg = Debug|Any CPU
		{77A11405-F189-488C-B4E8-EE8C1217C0F6}.Debug|x86.Build.0 = Debug|Any CPU
		{77A11405-F189-488C-B4E8-EE8C1217C0F6}.Release|Any CPU.ActiveCfg = Release|Any CPU
		{77A11405-F189-488C-B4E8-EE8C1217C0F6}.Release|Any CPU.Build.0 = Release|Any CPU
		{77A11405-F189-488C-B4E8-EE8C1217C0F6}.Release|x64.ActiveCfg = Release|Any CPU
		{77A11405-F189-488C-B4E8-EE8C1217C0F6}.Release|x64.Build.0 = Release|Any CPU
		{77A11405-F189-488C-B4E8-EE8C1217C0F6}.Release|x86.ActiveCfg = Release|Any CPU
		{77A11405-F189-488C-B4E8-EE8C1217C0F6}.Release|x86.Build.0 = Release|Any CPU
		{75F9E2FB-959B-4A15-8B22-9DC2E5FBE2C8}.Debug|Any CPU.ActiveCfg = Debug|Any CPU
		{75F9E2FB-959B-4A15-8B22-9DC2E5FBE2C8}.Debug|Any CPU.Build.0 = Debug|Any CPU
		{75F9E2FB-959B-4A15-8B22-9DC2E5FBE2C8}.Debug|x64.ActiveCfg = Debug|Any CPU
		{75F9E2FB-959B-4A15-8B22-9DC2E5FBE2C8}.Debug|x64.Build.0 = Debug|Any CPU
		{75F9E2FB-959B-4A15-8B22-9DC2E5FBE2C8}.Debug|x86.ActiveCfg = Debug|Any CPU
		{75F9E2FB-959B-4A15-8B22-9DC2E5FBE2C8}.Debug|x86.Build.0 = Debug|Any CPU
		{75F9E2FB-959B-4A15-8B22-9DC2E5FBE2C8}.Release|Any CPU.ActiveCfg = Release|Any CPU
		{75F9E2FB-959B-4A15-8B22-9DC2E5FBE2C8}.Release|Any CPU.Build.0 = Release|Any CPU
		{75F9E2FB-959B-4A15-8B22-9DC2E5FBE2C8}.Release|x64.ActiveCfg = Release|Any CPU
		{75F9E2FB-959B-4A15-8B22-9DC2E5FBE2C8}.Release|x64.Build.0 = Release|Any CPU
		{75F9E2FB-959B-4A15-8B22-9DC2E5FBE2C8}.Release|x86.ActiveCfg = Release|Any CPU
		{75F9E2FB-959B-4A15-8B22-9DC2E5FBE2C8}.Release|x86.Build.0 = Release|Any CPU
	EndGlobalSection
EndGlobal
